{
  "name": "devcontainer-images",
  "version": "1.0.0",
  "lockfileVersion": 3,
  "requires": true,
  "packages": {
    "": {
      "name": "devcontainer-images",
      "version": "1.0.0",
      "license": "MIT",
      "dependencies": {
        "@devcontainers/cli": "~0.60.0"
      }
    },
    "node_modules/@devcontainers/cli": {
      "version": "0.60.0",
      "resolved": "https://registry.npmjs.org/@devcontainers/cli/-/cli-0.60.0.tgz",
      "integrity": "sha512-8e26m7uNY120ktqlLWs4Bj1Ca3hgvZ1WMn7PG2ajd3N07hzJbP8ID+avfjhOZOYIUWQSxx6xQ3yCk4ho9jiUOQ==",
      "bin": {
        "devcontainer": "devcontainer.js"
      },
      "engines": {
        "node": "^16.13.0 || >=18.0.0"
      }
    }
  }
}
